
Microsoft Visual Studio Solution File, Format Version 12.00
# Visual Studio Version 17
VisualStudioVersion = 17.6.33723.286
MinimumVisualStudioVersion = 10.0.40219.1
Project("{FAE04EC0-301F-11D3-BF4B-00C04F79EFBC}") = "GangBeastsGamemode", "GangBeastsGamemode\GangBeastsGamemode.csproj", "{9F31F1EA-EBAC-4DDF-B358-AA7DCD63A0D6}"
EndProject
Global
	GlobalSection(SolutionConfigurationPlatforms) = preSolution
		Debug|Any CPU = Debug|Any CPU
		Release|Any CPU = Release|Any CPU
	EndGlobalSection
	GlobalSection(ProjectConfigurationPlatforms) = postSolution
		{9F31F1EA-EBAC-4DDF-B358-AA7DCD63A0D6}.Debug|Any CPU.ActiveCfg = Debug|Any CPU
		{9F31F1EA-EBAC-4DDF-B358-AA7DCD63A0D6}.Debug|Any CPU.Build.0 = Debug|Any CPU
		{9F31F1EA-EBAC-4DDF-B358-AA7DCD63A0D6}.Release|Any CPU.ActiveCfg = Release|Any CPU
		{9F31F1EA-EBAC-4DDF-B358-AA7DCD63A0D6}.Release|Any CPU.Build.0 = Release|Any CPU
	EndGlobalSection
	GlobalSection(SolutionProperties) = preSolution
		HideSolutionNode = FALSE
	EndGlobalSection
	GlobalSection(ExtensibilityGlobals) = postSolution
		SolutionGuid = {652AB0E2-9146-4889-8EF2-F203DEE2E16E}
	EndGlobalSection
EndGlobal
